github.com/bxcodec/faker v2.0.1+incompatible h1:P0KUpUw5w6WJXwrPfv35oc91i4d8nf40Nwln+M/+faA=
github.com/bxcodec/faker v2.0.1+incompatible/go.mod h1:BNzfpVdTwnFJ6GtfYTcQu6l6rHShT+veBxNCnjCx5XM=
github.com/davecgh/go-spew v1.1.0/go.mod h1:J7Y8YcW2NihsgmVo/mv3lAwl/skON4iLHjSsI+c5H38=
github.com/davecgh/go-spew v1.1.1 h1:vj9j/u1bqnvCEfJOwUhtlOARqs3+rkHYY13jYWTU97c=
github.com/davecgh/go-spew v1.1.1/go.mod h1:J7Y8YcW2NihsgmVo/mv3lAwl/skON4iLHjSsI+c5H38=
github.com/dghubble/sling v1.3.0 h1:pZHjCJq4zJvc6qVQ5wN1jo5oNZlNE0+8T/h0XeXBUKU=
github.com/dghubble/sling v1.3.0/go.mod h1:XXShWaBWKzNLhu2OxikSNFrlsvowtz4kyRuXUG7oQKY=
github.com/dnaeon/go-vcr v1.0.1 h1:r8L/HqC0Hje5AXMu1ooW8oyQyOFv4GxqpL0nRP7SLLY=
github.com/dnaeon/go-vcr v1.0.1/go.mod h1:aBB1+wY4s93YsC3HHjMBMrwTj2R9FHDzUr9KyGc8n1E=
github.com/gofrs/uuid v3.2.0+incompatible h1:y12jRkkFxsd7GpqdSZ+/KCs/fJbqpEXSGd4+jfEaewE=
github.com/gofrs/uuid v3.2.0+incompatible/go.mod h1:b2aQJv3Z4Fp6yNu3cdSllBxTCLRxnplIgP/c0N/04lM=
github.com/google/go-querystring v1.0.0 h1:Xkwi/a1rcvNg1PPYe5vI8GbeBY/jrVuDX5ASuANWTrk=
github.com/google/go-querystring v1.0.0/go.mod h1:odCYkC5MyYFN7vkCjXpyrEuKhc/BUO6wN/zVPAxq5ck=
github.com/jawher/mow.cli v1.1.0 h1:NdtHXRc0CwZQ507wMvQ/IS+Q3W3x2fycn973/b8Zuk8=
github.com/jawher/mow.cli v1.1.0/go.mod h1:aNaQlc7ozF3vw6IJ2dHjp2ZFiA4ozMIYY6PyuRJwlUg=
github.com/mattn/go-runewidth v0.0.4 h1:2BvfKmzob6Bmd4YsL0zygOqfdFnK7GR4QL06Do4/p7Y=
github.com/mattn/go-runewidth v0.0.4/go.mod h1:LwmH8dsx7+W8Uxz3IHJYH5QSwggIsqBzpuz5H//U1FU=
github.com/olekukonko/tablewriter v0.0.1 h1:b3iUnf1v+ppJiOfNX4yxxqfWKMQPZR5yoh8urCTFX88=
github.com/olekukonko/tablewriter v0.0.1/go.mod h1:vsDQFd/mU46D+Z4whnwzcISnGGzXWMclvtLoiIKAKIo=
github.com/pmezard/go-difflib v1.0.0 h1:4DBwDE0NGyQoBHbLQYPwSUPoCMWR5BEzIk/f1lZbAQM=
github.com/pmezard/go-difflib v1.0.0/go.mod h1:iKH77koFhYxTK1pcRnkKkqfTogsbg7gZNVY4sRDYZ/4=
github.com/qri-io/jsonpointer v0.1.0 h1:OcTtTmorodUCRc2CZhj/ZwOET8zVj6uo0ArEmzoThZI=
github.com/qri-io/jsonpointer v0.1.0/go.mod h1:DnJPaYgiKu56EuDp8TU5wFLdZIcAnb/uH9v37ZaMV64=
github.com/qri-io/jsonschema v0.1.1 h1:t//Doa/gvMqJ0bDhG7PGIKfaWGGxRVaffp+bcvBGGEk=
github.com/qri-io/jsonschema v0.1.1/go.mod h1:QpzJ6gBQ0GYgGmh7mDQ1YsvvhSgE4rYj0k8t5MBOmUY=
github.com/sergi/go-diff v1.0.0 h1:Kpca3qRNrduNnOQeazBd0ysaKrUJiIuISHxogkT9RPQ=
github.com/sergi/go-diff v1.0.0/go.mod h1:0CfEIISq7TuYL3j771MWULgwwjU+GofnZX9QAmXWZgo=
github.com/stretchr/objx v0.1.0/go.mod h1:HFkY916IF+rwdDfMAkV7OtwuqBVzrE8GR6GFx+wExME=
github.com/stretchr/objx v0.2.0 h1:Hbg2NidpLE8veEBkEZTL3CvlkUIVzuU9jDplZO54c48=
github.com/stretchr/objx v0.2.0/go.mod h1:qt09Ya8vawLte6SNmTgCsAVtYtaKzEcn8ATUoHMkEqE=
github.com/stretchr/testify v1.3.0/go.mod h1:M5WIy9Dh21IEIfnGCwXGc5bZfKNJtfHm1UVUgZn+9EI=
github.com/stretchr/testify v1.4.0 h1:2E4SXV/wtOkTonXsotYi4li6zVWxYlZuYNCXe9XRJyk=
github.com/stretchr/testify v1.4.0/go.mod h1:j7eGeouHqKxXV5pUuKE4zz7dFj8WfuZ+81PSLYec5m4=
gopkg.in/check.v1 v0.0.0-20161208181325-20d25e280405 h1:yhCVgyC4o1eVCa2tZl7eS0r+SDo693bJlVdllGtEeKM=
gopkg.in/check.v1 v0.0.0-20161208181325-20d25e280405/go.mod h1:Co6ibVJAznAaIkqp8huTwlJQCZ016jof/cbN4VW5Yz0=
gopkg.in/yaml.v2 v2.2.2/go.mod h1:hI93XBmqTisBFMUTm0b8Fm+jr3Dg1NNxqwp+5A1VGuI=
gopkg.in/yaml.v2 v2.2.4 h1:/eiJrUcujPVeJ3xlSWaiNi3uSVmDGBK1pDHUHAnao1I=
gopkg.in/yaml.v2 v2.2.4/go.mod h1:hI93XBmqTisBFMUTm0b8Fm+jr3Dg1NNxqwp+5A1VGuI=
